
Microsoft Visual Studio Solution File, Format Version 12.00
# Visual Studio Version 17
VisualStudioVersion = 17.3.32901.215
MinimumVisualStudioVersion = 10.0.40219.1
Project("{9A19103F-16F7-4668-BE54-9A1E7A4F7556}") = "BurgerOrderApp", "BurgerOrderApp\BurgerOrderApp.csproj", "{FE951BB4-30D1-4266-8E5B-43E3E4D121FB}"
EndProject
Global
	GlobalSection(SolutionConfigurationPlatforms) = preSolution
		Debug|Any CPU = Debug|Any CPU
		Release|Any CPU = Release|Any CPU
	EndGlobalSection
	GlobalSection(ProjectConfigurationPlatforms) = postSolution
		{FE951BB4-30D1-4266-8E5B-43E3E4D121FB}.Debug|Any CPU.ActiveCfg = Debug|Any CPU
		{FE951BB4-30D1-4266-8E5B-43E3E4D121FB}.Debug|Any CPU.Build.0 = Debug|Any CPU
		{FE951BB4-30D1-4266-8E5B-43E3E4D121FB}.Release|Any CPU.ActiveCfg = Release|Any CPU
		{FE951BB4-30D1-4266-8E5B-43E3E4D121FB}.Release|Any CPU.Build.0 = Release|Any CPU
	EndGlobalSection
	GlobalSection(SolutionProperties) = preSolution
		HideSolutionNode = FALSE
	EndGlobalSection
	GlobalSection(ExtensibilityGlobals) = postSolution
		SolutionGuid = {B2C54B1A-2E75-47EB-8680-BDB8143B63BB}
	EndGlobalSection
EndGlobal
